
Microsoft Visual Studio Solution File, Format Version 12.00
# Visual Studio Version 17
VisualStudioVersion = 17.8.34525.116
MinimumVisualStudioVersion = 10.0.40219.1
Project("{FAE04EC0-301F-11D3-BF4B-00C04F79EFBC}") = "WebFormsRedis", "WebFormsRedis\WebFormsRedis.csproj", "{BF449D85-E308-454C-A06C-05EF67C6746D}"
EndProject
Global
	GlobalSection(SolutionConfigurationPlatforms) = preSolution
		Debug|Any CPU = Debug|Any CPU
		Release|Any CPU = Release|Any CPU
	EndGlobalSection
	GlobalSection(ProjectConfigurationPlatforms) = postSolution
		{BF449D85-E308-454C-A06C-05EF67C6746D}.Debug|Any CPU.ActiveCfg = Debug|Any CPU
		{BF449D85-E308-454C-A06C-05EF67C6746D}.Debug|Any CPU.Build.0 = Debug|Any CPU
		{BF449D85-E308-454C-A06C-05EF67C6746D}.Release|Any CPU.ActiveCfg = Release|Any CPU
		{BF449D85-E308-454C-A06C-05EF67C6746D}.Release|Any CPU.Build.0 = Release|Any CPU
	EndGlobalSection
	GlobalSection(SolutionProperties) = preSolution
		HideSolutionNode = FALSE
	EndGlobalSection
	GlobalSection(ExtensibilityGlobals) = postSolution
		SolutionGuid = {5FB72787-223A-4B04-B494-C92D7F956392}
	EndGlobalSection
EndGlobal
